
Microsoft Visual Studio Solution File, Format Version 12.00
# Visual Studio Version 17
VisualStudioVersion = 17.5.33414.496
MinimumVisualStudioVersion = 10.0.40219.1
Project("{9A19103F-16F7-4668-BE54-9A1E7A4F7556}") = "Order.Domain", "Order.Domain\Order.Domain.csproj", "{7221B15A-F9B9-4AE9-BA04-3456C5FDA48A}"
EndProject
Project("{9A19103F-16F7-4668-BE54-9A1E7A4F7556}") = "Order.Application", "Order.Application\Order.Application.csproj", "{49962084-95CE-4D35-95AE-C8FAB6E84E82}"
EndProject
Project("{9A19103F-16F7-4668-BE54-9A1E7A4F7556}") = "Order.Infrastructure", "Order.Infrastructure\Order.Infrastructure.csproj", "{97981B50-09EB-4635-91EF-0AE55DAB5205}"
EndProject
Project("{9A19103F-16F7-4668-BE54-9A1E7A4F7556}") = "Order.Contracts", "Order.Contracts\Order.Contracts.csproj", "{EE9240AE-5D72-490D-B5F5-CD1EB016BADF}"
EndProject
Project("{9A19103F-16F7-4668-BE54-9A1E7A4F7556}") = "Order.Core", "Order.Core\Order.Core.csproj", "{F05232EE-E9BC-479B-8707-55F5726EE370}"
EndProject
Project("{9A19103F-16F7-4668-BE54-9A1E7A4F7556}") = "Order.Api", "Order.Api\Order.Api.csproj", "{6045367D-67A7-45CA-8790-831D70FD36AB}"
EndProject
Project("{2150E333-8FDC-42A3-9474-1A3956D46DE8}") = "01-Core", "01-Core", "{A53D20CA-5FBA-43EE-BE99-7D58BA01EBC4}"
EndProject
Project("{2150E333-8FDC-42A3-9474-1A3956D46DE8}") = "02-Application", "02-Application", "{234469C5-85F0-40BA-8E83-564AA14BF70C}"
EndProject
Project("{2150E333-8FDC-42A3-9474-1A3956D46DE8}") = "03-Test", "03-Test", "{A8780253-8409-4CDF-8104-32146D8AE600}"
EndProject
Project("{2150E333-8FDC-42A3-9474-1A3956D46DE8}") = "Domain", "Domain", "{1950FB55-D362-489C-AA67-23FF28AE7B1E}"
EndProject
Project("{9A19103F-16F7-4668-BE54-9A1E7A4F7556}") = "Order.Tests", "Order.Tests\Order.Tests.csproj", "{1AA26DAC-C034-4F85-83E8-5C561E8338CE}"
EndProject
Project("{E53339B2-1760-4266-BCC7-CA923CBCF16C}") = "docker-compose", "docker-compose.dcproj", "{0ED06297-1D41-4622-A2A4-E105CD934C3A}"
EndProject
Project("{FAE04EC0-301F-11D3-BF4B-00C04F79EFBC}") = "Order.Core.EventBusRabbitMQ", "Order.Core.EventBusRabbitMQ\Order.Core.EventBusRabbitMQ.csproj", "{08086F4E-FA50-4B98-8F60-6BAE2392F1C2}"
EndProject
Project("{FAE04EC0-301F-11D3-BF4B-00C04F79EFBC}") = "Order.Core.IntegrationEventLogEF", "Order.Core.IntegrationEventLogEF\Order.Core.IntegrationEventLogEF.csproj", "{6A707FC0-C50A-4E54-93A5-0891B08FD259}"
EndProject
Global
	GlobalSection(SolutionConfigurationPlatforms) = preSolution
		Debug|Any CPU = Debug|Any CPU
		Release|Any CPU = Release|Any CPU
	EndGlobalSection
	GlobalSection(ProjectConfigurationPlatforms) = postSolution
		{7221B15A-F9B9-4AE9-BA04-3456C5FDA48A}.Debug|Any CPU.ActiveCfg = Debug|Any CPU
		{7221B15A-F9B9-4AE9-BA04-3456C5FDA48A}.Debug|Any CPU.Build.0 = Debug|Any CPU
		{7221B15A-F9B9-4AE9-BA04-3456C5FDA48A}.Release|Any CPU.ActiveCfg = Release|Any CPU
		{7221B15A-F9B9-4AE9-BA04-3456C5FDA48A}.Release|Any CPU.Build.0 = Release|Any CPU
		{49962084-95CE-4D35-95AE-C8FAB6E84E82}.Debug|Any CPU.ActiveCfg = Debug|Any CPU
		{49962084-95CE-4D35-95AE-C8FAB6E84E82}.Debug|Any CPU.Build.0 = Debug|Any CPU
		{49962084-95CE-4D35-95AE-C8FAB6E84E82}.Release|Any CPU.ActiveCfg = Release|Any CPU
		{49962084-95CE-4D35-95AE-C8FAB6E84E82}.Release|Any CPU.Build.0 = Release|Any CPU
		{97981B50-09EB-4635-91EF-0AE55DAB5205}.Debug|Any CPU.ActiveCfg = Debug|Any CPU
		{97981B50-09EB-4635-91EF-0AE55DAB5205}.Debug|Any CPU.Build.0 = Debug|Any CPU
		{97981B50-09EB-4635-91EF-0AE55DAB5205}.Release|Any CPU.ActiveCfg = Release|Any CPU
		{97981B50-09EB-4635-91EF-0AE55DAB5205}.Release|Any CPU.Build.0 = Release|Any CPU
		{EE9240AE-5D72-490D-B5F5-CD1EB016BADF}.Debug|Any CPU.ActiveCfg = Debug|Any CPU
		{EE9240AE-5D72-490D-B5F5-CD1EB016BADF}.Debug|Any CPU.Build.0 = Debug|Any CPU
		{EE9240AE-5D72-490D-B5F5-CD1EB016BADF}.Release|Any CPU.ActiveCfg = Release|Any CPU
		{EE9240AE-5D72-490D-B5F5-CD1EB016BADF}.Release|Any CPU.Build.0 = Release|Any CPU
		{F05232EE-E9BC-479B-8707-55F5726EE370}.Debug|Any CPU.ActiveCfg = Debug|Any CPU
		{F05232EE-E9BC-479B-8707-55F5726EE370}.Debug|Any CPU.Build.0 = Debug|Any CPU
		{F05232EE-E9BC-479B-8707-55F5726EE370}.Release|Any CPU.ActiveCfg = Release|Any CPU
		{F05232EE-E9BC-479B-8707-55F5726EE370}.Release|Any CPU.Build.0 = Release|Any CPU
		{6045367D-67A7-45CA-8790-831D70FD36AB}.Debug|Any CPU.ActiveCfg = Debug|Any CPU
		{6045367D-67A7-45CA-8790-831D70FD36AB}.Debug|Any CPU.Build.0 = Debug|Any CPU
		{6045367D-67A7-45CA-8790-831D70FD36AB}.Release|Any CPU.ActiveCfg = Release|Any CPU
		{6045367D-67A7-45CA-8790-831D70FD36AB}.Release|Any CPU.Build.0 = Release|Any CPU
		{1AA26DAC-C034-4F85-83E8-5C561E8338CE}.Debug|Any CPU.ActiveCfg = Debug|Any CPU
		{1AA26DAC-C034-4F85-83E8-5C561E8338CE}.Debug|Any CPU.Build.0 = Debug|Any CPU
		{1AA26DAC-C034-4F85-83E8-5C561E8338CE}.Release|Any CPU.ActiveCfg = Release|Any CPU
		{1AA26DAC-C034-4F85-83E8-5C561E8338CE}.Release|Any CPU.Build.0 = Release|Any CPU
		{0ED06297-1D41-4622-A2A4-E105CD934C3A}.Debug|Any CPU.ActiveCfg = Debug|Any CPU
		{0ED06297-1D41-4622-A2A4-E105CD934C3A}.Debug|Any CPU.Build.0 = Debug|Any CPU
		{0ED06297-1D41-4622-A2A4-E105CD934C3A}.Release|Any CPU.ActiveCfg = Release|Any CPU
		{0ED06297-1D41-4622-A2A4-E105CD934C3A}.Release|Any CPU.Build.0 = Release|Any CPU
		{08086F4E-FA50-4B98-8F60-6BAE2392F1C2}.Debug|Any CPU.ActiveCfg = Debug|Any CPU
		{08086F4E-FA50-4B98-8F60-6BAE2392F1C2}.Debug|Any CPU.Build.0 = Debug|Any CPU
		{08086F4E-FA50-4B98-8F60-6BAE2392F1C2}.Release|Any CPU.ActiveCfg = Release|Any CPU
		{08086F4E-FA50-4B98-8F60-6BAE2392F1C2}.Release|Any CPU.Build.0 = Release|Any CPU
		{6A707FC0-C50A-4E54-93A5-0891B08FD259}.Debug|Any CPU.ActiveCfg = Debug|Any CPU
		{6A707FC0-C50A-4E54-93A5-0891B08FD259}.Debug|Any CPU.Build.0 = Debug|Any CPU
		{6A707FC0-C50A-4E54-93A5-0891B08FD259}.Release|Any CPU.ActiveCfg = Release|Any CPU
		{6A707FC0-C50A-4E54-93A5-0891B08FD259}.Release|Any CPU.Build.0 = Release|Any CPU
	EndGlobalSection
	GlobalSection(SolutionProperties) = preSolution
		HideSolutionNode = FALSE
	EndGlobalSection
	GlobalSection(NestedProjects) = preSolution
		{7221B15A-F9B9-4AE9-BA04-3456C5FDA48A} = {1950FB55-D362-489C-AA67-23FF28AE7B1E}
		{49962084-95CE-4D35-95AE-C8FAB6E84E82} = {234469C5-85F0-40BA-8E83-564AA14BF70C}
		{97981B50-09EB-4635-91EF-0AE55DAB5205} = {234469C5-85F0-40BA-8E83-564AA14BF70C}
		{EE9240AE-5D72-490D-B5F5-CD1EB016BADF} = {234469C5-85F0-40BA-8E83-564AA14BF70C}
		{F05232EE-E9BC-479B-8707-55F5726EE370} = {A53D20CA-5FBA-43EE-BE99-7D58BA01EBC4}
		{6045367D-67A7-45CA-8790-831D70FD36AB} = {234469C5-85F0-40BA-8E83-564AA14BF70C}
		{1950FB55-D362-489C-AA67-23FF28AE7B1E} = {234469C5-85F0-40BA-8E83-564AA14BF70C}
		{1AA26DAC-C034-4F85-83E8-5C561E8338CE} = {A8780253-8409-4CDF-8104-32146D8AE600}
		{08086F4E-FA50-4B98-8F60-6BAE2392F1C2} = {A53D20CA-5FBA-43EE-BE99-7D58BA01EBC4}
		{6A707FC0-C50A-4E54-93A5-0891B08FD259} = {A53D20CA-5FBA-43EE-BE99-7D58BA01EBC4}
	EndGlobalSection
	GlobalSection(ExtensibilityGlobals) = postSolution
		SolutionGuid = {D9FCD781-5C82-4E34-A71F-2DAF234051BE}
	EndGlobalSection
EndGlobal
